
Microsoft Visual Studio Solution File, Format Version 12.00
# Visual Studio Version 16
VisualStudioVersion = 16.0.30621.155
MinimumVisualStudioVersion = 10.0.40219.1
Project("{FAE04EC0-301F-11D3-BF4B-00C04F79EFBC}") = "lottle SYSTEM TEST", "lottle SYSTEM TEST\lottle SYSTEM TEST.csproj", "{C26FD61C-F749-4844-8584-7AB830824FE3}"
EndProject
Global
	GlobalSection(SolutionConfigurationPlatforms) = preSolution
		Debug|Any CPU = Debug|Any CPU
		Release|Any CPU = Release|Any CPU
	EndGlobalSection
	GlobalSection(ProjectConfigurationPlatforms) = postSolution
		{C26FD61C-F749-4844-8584-7AB830824FE3}.Debug|Any CPU.ActiveCfg = Debug|Any CPU
		{C26FD61C-F749-4844-8584-7AB830824FE3}.Debug|Any CPU.Build.0 = Debug|Any CPU
		{C26FD61C-F749-4844-8584-7AB830824FE3}.Release|Any CPU.ActiveCfg = Release|Any CPU
		{C26FD61C-F749-4844-8584-7AB830824FE3}.Release|Any CPU.Build.0 = Release|Any CPU
	EndGlobalSection
	GlobalSection(SolutionProperties) = preSolution
		HideSolutionNode = FALSE
	EndGlobalSection
	GlobalSection(ExtensibilityGlobals) = postSolution
		SolutionGuid = {10F82C3C-A949-4C82-8260-2DAE4CB9C5DA}
	EndGlobalSection
EndGlobal
