
Microsoft Visual Studio Solution File, Format Version 12.00
# Visual Studio Version 16
VisualStudioVersion = 16.0.30621.155
MinimumVisualStudioVersion = 10.0.40219.1
Project("{FAE04EC0-301F-11D3-BF4B-00C04F79EFBC}") = "lottle SYSTEM TEST FourQuestinon", "lottle SYSTEM TEST FourQuestinon\lottle SYSTEM TEST FourQuestinon.csproj", "{73B576E6-B9B3-40F9-953B-F289E49FF472}"
EndProject
Global
	GlobalSection(SolutionConfigurationPlatforms) = preSolution
		Debug|Any CPU = Debug|Any CPU
		Release|Any CPU = Release|Any CPU
	EndGlobalSection
	GlobalSection(ProjectConfigurationPlatforms) = postSolution
		{73B576E6-B9B3-40F9-953B-F289E49FF472}.Debug|Any CPU.ActiveCfg = Debug|Any CPU
		{73B576E6-B9B3-40F9-953B-F289E49FF472}.Debug|Any CPU.Build.0 = Debug|Any CPU
		{73B576E6-B9B3-40F9-953B-F289E49FF472}.Release|Any CPU.ActiveCfg = Release|Any CPU
		{73B576E6-B9B3-40F9-953B-F289E49FF472}.Release|Any CPU.Build.0 = Release|Any CPU
	EndGlobalSection
	GlobalSection(SolutionProperties) = preSolution
		HideSolutionNode = FALSE
	EndGlobalSection
	GlobalSection(ExtensibilityGlobals) = postSolution
		SolutionGuid = {6C82C341-D854-46E9-AB2F-B1F5E1FF6D7A}
	EndGlobalSection
EndGlobal
